
Microsoft Visual Studio Solution File, Format Version 12.00
# Visual Studio Version 16
VisualStudioVersion = 16.0.30128.74
MinimumVisualStudioVersion = 10.0.40219.1
Project("{FAE04EC0-301F-11D3-BF4B-00C04F79EFBC}") = "MVCFlowerShopLab2", "MVCFlowerShopLab2\MVCFlowerShopLab2.csproj", "{8B902ADD-0B7A-4B2A-9076-5A127925B1EF}"
EndProject
Global
	GlobalSection(SolutionConfigurationPlatforms) = preSolution
		Debug|Any CPU = Debug|Any CPU
		Release|Any CPU = Release|Any CPU
	EndGlobalSection
	GlobalSection(ProjectConfigurationPlatforms) = postSolution
		{8B902ADD-0B7A-4B2A-9076-5A127925B1EF}.Debug|Any CPU.ActiveCfg = Debug|Any CPU
		{8B902ADD-0B7A-4B2A-9076-5A127925B1EF}.Debug|Any CPU.Build.0 = Debug|Any CPU
		{8B902ADD-0B7A-4B2A-9076-5A127925B1EF}.Release|Any CPU.ActiveCfg = Release|Any CPU
		{8B902ADD-0B7A-4B2A-9076-5A127925B1EF}.Release|Any CPU.Build.0 = Release|Any CPU
	EndGlobalSection
	GlobalSection(SolutionProperties) = preSolution
		HideSolutionNode = FALSE
	EndGlobalSection
	GlobalSection(ExtensibilityGlobals) = postSolution
		SolutionGuid = {1EB59180-6165-4D0B-8995-7C768BC4EEDF}
	EndGlobalSection
EndGlobal
